
Microsoft Visual Studio Solution File, Format Version 12.00
# Visual Studio Version 16
VisualStudioVersion = 16.0.32802.440
MinimumVisualStudioVersion = 10.0.40219.1
Project("{9A19103F-16F7-4668-BE54-9A1E7A4F7556}") = "ConsoleApp1", "ConsoleApp1\ConsoleApp1.csproj", "{C5B20B4D-B5AD-4B10-984E-A1689A40D000}"
EndProject
Project("{9A19103F-16F7-4668-BE54-9A1E7A4F7556}") = "Student", "Student\Student.csproj", "{6A9A96D4-0F94-41AD-96CC-66DD1CEEFC7F}"
EndProject
Project("{9A19103F-16F7-4668-BE54-9A1E7A4F7556}") = "SingleTon", "SingleTon\SingleTon.csproj", "{97074BF2-FC59-45B8-829F-B9B49498C8F5}"
EndProject
Project("{9A19103F-16F7-4668-BE54-9A1E7A4F7556}") = "AsyncDelegate", "AsyncDelegate\AsyncDelegate.csproj", "{507482D4-8A98-452E-8E6D-A661B4647479}"
EndProject
Project("{FAE04EC0-301F-11D3-BF4B-00C04F79EFBC}") = "Asyncprogram", "Asyncprogram\Asyncprogram.csproj", "{0302683E-C12C-49E9-BDC7-F4E87083C891}"
EndProject
Global
	GlobalSection(SolutionConfigurationPlatforms) = preSolution
		Debug|Any CPU = Debug|Any CPU
		Release|Any CPU = Release|Any CPU
	EndGlobalSection
	GlobalSection(ProjectConfigurationPlatforms) = postSolution
		{C5B20B4D-B5AD-4B10-984E-A1689A40D000}.Debug|Any CPU.ActiveCfg = Debug|Any CPU
		{C5B20B4D-B5AD-4B10-984E-A1689A40D000}.Debug|Any CPU.Build.0 = Debug|Any CPU
		{C5B20B4D-B5AD-4B10-984E-A1689A40D000}.Release|Any CPU.ActiveCfg = Release|Any CPU
		{C5B20B4D-B5AD-4B10-984E-A1689A40D000}.Release|Any CPU.Build.0 = Release|Any CPU
		{6A9A96D4-0F94-41AD-96CC-66DD1CEEFC7F}.Debug|Any CPU.ActiveCfg = Debug|Any CPU
		{6A9A96D4-0F94-41AD-96CC-66DD1CEEFC7F}.Debug|Any CPU.Build.0 = Debug|Any CPU
		{6A9A96D4-0F94-41AD-96CC-66DD1CEEFC7F}.Release|Any CPU.ActiveCfg = Release|Any CPU
		{6A9A96D4-0F94-41AD-96CC-66DD1CEEFC7F}.Release|Any CPU.Build.0 = Release|Any CPU
		{97074BF2-FC59-45B8-829F-B9B49498C8F5}.Debug|Any CPU.ActiveCfg = Debug|Any CPU
		{97074BF2-FC59-45B8-829F-B9B49498C8F5}.Debug|Any CPU.Build.0 = Debug|Any CPU
		{97074BF2-FC59-45B8-829F-B9B49498C8F5}.Release|Any CPU.ActiveCfg = Release|Any CPU
		{97074BF2-FC59-45B8-829F-B9B49498C8F5}.Release|Any CPU.Build.0 = Release|Any CPU
		{507482D4-8A98-452E-8E6D-A661B4647479}.Debug|Any CPU.ActiveCfg = Debug|Any CPU
		{507482D4-8A98-452E-8E6D-A661B4647479}.Debug|Any CPU.Build.0 = Debug|Any CPU
		{507482D4-8A98-452E-8E6D-A661B4647479}.Release|Any CPU.ActiveCfg = Release|Any CPU
		{507482D4-8A98-452E-8E6D-A661B4647479}.Release|Any CPU.Build.0 = Release|Any CPU
		{0302683E-C12C-49E9-BDC7-F4E87083C891}.Debug|Any CPU.ActiveCfg = Debug|Any CPU
		{0302683E-C12C-49E9-BDC7-F4E87083C891}.Debug|Any CPU.Build.0 = Debug|Any CPU
		{0302683E-C12C-49E9-BDC7-F4E87083C891}.Release|Any CPU.ActiveCfg = Release|Any CPU
		{0302683E-C12C-49E9-BDC7-F4E87083C891}.Release|Any CPU.Build.0 = Release|Any CPU
	EndGlobalSection
	GlobalSection(SolutionProperties) = preSolution
		HideSolutionNode = FALSE
	EndGlobalSection
	GlobalSection(ExtensibilityGlobals) = postSolution
		SolutionGuid = {D49D4A88-A7E9-4741-8647-219AE65FAA83}
	EndGlobalSection
EndGlobal
